github.com/FerryDwiZ12/go-say-hello v1.0.0 h1:bew1YJH591tsJ5ga/b7YxxHmrSUhWlMEOcuIgIWdwTA=
github.com/FerryDwiZ12/go-say-hello v1.0.0/go.mod h1:+I0sNIu/0xFgK+fxWNM7B9TdiabSqkffc2PgdiGYK6o=
github.com/FerryDwiZ12/go-say-hello v1.1.0 h1:TUlB9jbdjA+wGwGxZQuyjQ2low3vXt4knSseeTOXzaw=
github.com/FerryDwiZ12/go-say-hello v1.1.0/go.mod h1:+I0sNIu/0xFgK+fxWNM7B9TdiabSqkffc2PgdiGYK6o=
github.com/FerryDwiZ12/go-say-hello/v2 v2.0.0 h1:zRUYHS924t4+7eDeEOCG5xcl8D28pFWPCUKRdqdsmUg=
github.com/FerryDwiZ12/go-say-hello/v2 v2.0.0/go.mod h1:S/AHK8oZwiXQ8DzJ7KSYMokW7PQ0+WfnMFN2xLGjM4E=
